
Microsoft Visual Studio Solution File, Format Version 12.00
# Visual Studio 15
VisualStudioVersion = 15.0.27130.2010
MinimumVisualStudioVersion = 10.0.40219.1
Project("{FAE04EC0-301F-11D3-BF4B-00C04F79EFBC}") = "LifeGame", "LifeGame\LifeGame.csproj", "{93C9F50B-C7F0-42E4-9585-CF5DD6E4754E}"
EndProject
Project("{FAE04EC0-301F-11D3-BF4B-00C04F79EFBC}") = "LifeGame.Controls", "LifeGame.Controls\LifeGame.Controls.csproj", "{7496D9F9-3358-4826-AA24-E64A6AEAAC95}"
EndProject
Global
	GlobalSection(SolutionConfigurationPlatforms) = preSolution
		Debug|Any CPU = Debug|Any CPU
		Release|Any CPU = Release|Any CPU
	EndGlobalSection
	GlobalSection(ProjectConfigurationPlatforms) = postSolution
		{93C9F50B-C7F0-42E4-9585-CF5DD6E4754E}.Debug|Any CPU.ActiveCfg = Debug|Any CPU
		{93C9F50B-C7F0-42E4-9585-CF5DD6E4754E}.Debug|Any CPU.Build.0 = Debug|Any CPU
		{93C9F50B-C7F0-42E4-9585-CF5DD6E4754E}.Release|Any CPU.ActiveCfg = Release|Any CPU
		{93C9F50B-C7F0-42E4-9585-CF5DD6E4754E}.Release|Any CPU.Build.0 = Release|Any CPU
		{7496D9F9-3358-4826-AA24-E64A6AEAAC95}.Debug|Any CPU.ActiveCfg = Debug|Any CPU
		{7496D9F9-3358-4826-AA24-E64A6AEAAC95}.Debug|Any CPU.Build.0 = Debug|Any CPU
		{7496D9F9-3358-4826-AA24-E64A6AEAAC95}.Release|Any CPU.ActiveCfg = Release|Any CPU
		{7496D9F9-3358-4826-AA24-E64A6AEAAC95}.Release|Any CPU.Build.0 = Release|Any CPU
	EndGlobalSection
	GlobalSection(SolutionProperties) = preSolution
		HideSolutionNode = FALSE
	EndGlobalSection
	GlobalSection(ExtensibilityGlobals) = postSolution
		SolutionGuid = {EA886EB7-06A8-4D82-BE5E-04F77D27F1D1}
	EndGlobalSection
EndGlobal
